
Microsoft Visual Studio Solution File, Format Version 12.00
# Visual Studio Version 17
VisualStudioVersion = 17.8.34525.116
MinimumVisualStudioVersion = 10.0.40219.1
Project("{FAE04EC0-301F-11D3-BF4B-00C04F79EFBC}") = "laba1", "laba1\laba1.csproj", "{B3ED5E5A-3D50-4E4E-B063-B538F76FA164}"
EndProject
Global
	GlobalSection(SolutionConfigurationPlatforms) = preSolution
		Debug|Any CPU = Debug|Any CPU
		Release|Any CPU = Release|Any CPU
	EndGlobalSection
	GlobalSection(ProjectConfigurationPlatforms) = postSolution
		{B3ED5E5A-3D50-4E4E-B063-B538F76FA164}.Debug|Any CPU.ActiveCfg = Debug|Any CPU
		{B3ED5E5A-3D50-4E4E-B063-B538F76FA164}.Debug|Any CPU.Build.0 = Debug|Any CPU
		{B3ED5E5A-3D50-4E4E-B063-B538F76FA164}.Release|Any CPU.ActiveCfg = Release|Any CPU
		{B3ED5E5A-3D50-4E4E-B063-B538F76FA164}.Release|Any CPU.Build.0 = Release|Any CPU
	EndGlobalSection
	GlobalSection(SolutionProperties) = preSolution
		HideSolutionNode = FALSE
	EndGlobalSection
	GlobalSection(ExtensibilityGlobals) = postSolution
		SolutionGuid = {10232635-34F2-422A-9A65-AC3E9CA32F7C}
	EndGlobalSection
EndGlobal
