
Microsoft Visual Studio Solution File, Format Version 12.00
# Visual Studio Version 17
VisualStudioVersion = 17.8.34525.116
MinimumVisualStudioVersion = 10.0.40219.1
Project("{FAE04EC0-301F-11D3-BF4B-00C04F79EFBC}") = "laba8", "laba8\laba8.csproj", "{CE3BE388-413C-4776-829B-C2E865093A06}"
EndProject
Global
	GlobalSection(SolutionConfigurationPlatforms) = preSolution
		Debug|Any CPU = Debug|Any CPU
		Release|Any CPU = Release|Any CPU
	EndGlobalSection
	GlobalSection(ProjectConfigurationPlatforms) = postSolution
		{CE3BE388-413C-4776-829B-C2E865093A06}.Debug|Any CPU.ActiveCfg = Debug|Any CPU
		{CE3BE388-413C-4776-829B-C2E865093A06}.Debug|Any CPU.Build.0 = Debug|Any CPU
		{CE3BE388-413C-4776-829B-C2E865093A06}.Release|Any CPU.ActiveCfg = Release|Any CPU
		{CE3BE388-413C-4776-829B-C2E865093A06}.Release|Any CPU.Build.0 = Release|Any CPU
	EndGlobalSection
	GlobalSection(SolutionProperties) = preSolution
		HideSolutionNode = FALSE
	EndGlobalSection
	GlobalSection(ExtensibilityGlobals) = postSolution
		SolutionGuid = {5482C807-FD82-43BF-A685-8136B56377E3}
	EndGlobalSection
EndGlobal
